// !$*UTF8*$!
{
	archiveVersion = 1;
	classes = {
	};
	objectVersion = 50;
	objects = {

/* Begin PBXBuildFile section */
		DF10C2EF237F702E0059103D /* VenuesTableViewCell.swift in Sources */ = {isa = PBXBuildFile; fileRef = DF10C2EE237F702E0059103D /* VenuesTableViewCell.swift */; };
		DF10C2F0237F702E0059103D /* VenuesTableViewCell.swift in Sources */ = {isa = PBXBuildFile; fileRef = DF10C2EE237F702E0059103D /* VenuesTableViewCell.swift */; };
		DF28B2942381E7AE00AA8CE0 /* CollectionPersistence.swift in Sources */ = {isa = PBXBuildFile; fileRef = DF28B2932381E7AE00AA8CE0 /* CollectionPersistence.swift */; };
		DF28B2962381E86500AA8CE0 /* PersistenceHelper.swift in Sources */ = {isa = PBXBuildFile; fileRef = DF28B2952381E86500AA8CE0 /* PersistenceHelper.swift */; };
		DF28B2972381E86500AA8CE0 /* PersistenceHelper.swift in Sources */ = {isa = PBXBuildFile; fileRef = DF28B2952381E86500AA8CE0 /* PersistenceHelper.swift */; };
		DF28B2992381F0D500AA8CE0 /* ReloadVenuesProtocol.swift in Sources */ = {isa = PBXBuildFile; fileRef = DF28B2982381F0D500AA8CE0 /* ReloadVenuesProtocol.swift */; };
		DF28B29A2381F0D500AA8CE0 /* ReloadVenuesProtocol.swift in Sources */ = {isa = PBXBuildFile; fileRef = DF28B2982381F0D500AA8CE0 /* ReloadVenuesProtocol.swift */; };
		DF2ABE8D2373812A00E731AD /* AppError.swift in Sources */ = {isa = PBXBuildFile; fileRef = DF2ABE8C2373812A00E731AD /* AppError.swift */; };
		DF2ABE8E2373812A00E731AD /* AppError.swift in Sources */ = {isa = PBXBuildFile; fileRef = DF2ABE8C2373812A00E731AD /* AppError.swift */; };
		DF2ABE902373814700E731AD /* ImageHelper.swift in Sources */ = {isa = PBXBuildFile; fileRef = DF2ABE8F2373814700E731AD /* ImageHelper.swift */; };
		DF2ABE912373814700E731AD /* ImageHelper.swift in Sources */ = {isa = PBXBuildFile; fileRef = DF2ABE8F2373814700E731AD /* ImageHelper.swift */; };
		DF2ABE932373818600E731AD /* NetworkHelper.swift in Sources */ = {isa = PBXBuildFile; fileRef = DF2ABE922373818600E731AD /* NetworkHelper.swift */; };
		DF2ABE942373818600E731AD /* NetworkHelper.swift in Sources */ = {isa = PBXBuildFile; fileRef = DF2ABE922373818600E731AD /* NetworkHelper.swift */; };
		DF2ABE9623739BB100E731AD /* SearchAPIClient.swift in Sources */ = {isa = PBXBuildFile; fileRef = DF2ABE9523739BB100E731AD /* SearchAPIClient.swift */; };
		DF2ABE9723739BB100E731AD /* SearchAPIClient.swift in Sources */ = {isa = PBXBuildFile; fileRef = DF2ABE9523739BB100E731AD /* SearchAPIClient.swift */; };
		DF2ABE992373A14B00E731AD /* Secret.swift in Sources */ = {isa = PBXBuildFile; fileRef = DF2ABE982373A14B00E731AD /* Secret.swift */; };
		DF2ABE9A2373A14B00E731AD /* Secret.swift in Sources */ = {isa = PBXBuildFile; fileRef = DF2ABE982373A14B00E731AD /* Secret.swift */; };
		DF2E88A0237096A1007D1685 /* AppDelegate.swift in Sources */ = {isa = PBXBuildFile; fileRef = DF2E889F237096A1007D1685 /* AppDelegate.swift */; };
		DF2E88A2237096A1007D1685 /* SceneDelegate.swift in Sources */ = {isa = PBXBuildFile; fileRef = DF2E88A1237096A1007D1685 /* SceneDelegate.swift */; };
		DF2E88A4237096A1007D1685 /* VenuesListTableVC.swift in Sources */ = {isa = PBXBuildFile; fileRef = DF2E88A3237096A1007D1685 /* VenuesListTableVC.swift */; };
		DF2E88AA237096A1007D1685 /* Foursquare_Map_Project.xcdatamodeld in Sources */ = {isa = PBXBuildFile; fileRef = DF2E88A8237096A1007D1685 /* Foursquare_Map_Project.xcdatamodeld */; };
		DF2E88AC237096A2007D1685 /* Assets.xcassets in Resources */ = {isa = PBXBuildFile; fileRef = DF2E88AB237096A2007D1685 /* Assets.xcassets */; };
		DF2E88AF237096A2007D1685 /* LaunchScreen.storyboard in Resources */ = {isa = PBXBuildFile; fileRef = DF2E88AD237096A2007D1685 /* LaunchScreen.storyboard */; };
		DF2E88BA237096A2007D1685 /* Foursquare_Map_ProjectTests.swift in Sources */ = {isa = PBXBuildFile; fileRef = DF2E88B9237096A2007D1685 /* Foursquare_Map_ProjectTests.swift */; };
		DF2E88C52370B307007D1685 /* FourSquareLocationJSON.json in Resources */ = {isa = PBXBuildFile; fileRef = DF2E88C42370B307007D1685 /* FourSquareLocationJSON.json */; };
		DF2E88C72370B677007D1685 /* FourSquareSearch.swift in Sources */ = {isa = PBXBuildFile; fileRef = DF2E88C62370B677007D1685 /* FourSquareSearch.swift */; };
		DF2E88C82370B677007D1685 /* FourSquareSearch.swift in Sources */ = {isa = PBXBuildFile; fileRef = DF2E88C62370B677007D1685 /* FourSquareSearch.swift */; };
		DF2E88CC2370D800007D1685 /* MainView.swift in Sources */ = {isa = PBXBuildFile; fileRef = DF2E88CB2370D800007D1685 /* MainView.swift */; };
		DF2E88CD2370D800007D1685 /* MainView.swift in Sources */ = {isa = PBXBuildFile; fileRef = DF2E88CB2370D800007D1685 /* MainView.swift */; };
		DF2E893723722E0C007D1685 /* SearchViewController.swift in Sources */ = {isa = PBXBuildFile; fileRef = DF2E893623722E0C007D1685 /* SearchViewController.swift */; };
		DF2E893823722E0C007D1685 /* SearchViewController.swift in Sources */ = {isa = PBXBuildFile; fileRef = DF2E893623722E0C007D1685 /* SearchViewController.swift */; };
		DF2E893A23722E2F007D1685 /* FaveCollectionVC.swift in Sources */ = {isa = PBXBuildFile; fileRef = DF2E893923722E2F007D1685 /* FaveCollectionVC.swift */; };
		DF2E893B23722E2F007D1685 /* FaveCollectionVC.swift in Sources */ = {isa = PBXBuildFile; fileRef = DF2E893923722E2F007D1685 /* FaveCollectionVC.swift */; };
		DF32A57323779235005D58E7 /* SearchCollectionViewCell.swift in Sources */ = {isa = PBXBuildFile; fileRef = DF32A57223779235005D58E7 /* SearchCollectionViewCell.swift */; };
		DF32A57423779235005D58E7 /* SearchCollectionViewCell.swift in Sources */ = {isa = PBXBuildFile; fileRef = DF32A57223779235005D58E7 /* SearchCollectionViewCell.swift */; };
		DF32A576237795FF005D58E7 /* ImageAPIClient.swift in Sources */ = {isa = PBXBuildFile; fileRef = DF32A575237795FF005D58E7 /* ImageAPIClient.swift */; };
		DF32A577237795FF005D58E7 /* ImageAPIClient.swift in Sources */ = {isa = PBXBuildFile; fileRef = DF32A575237795FF005D58E7 /* ImageAPIClient.swift */; };
		DF466F402377A4B400241FA6 /* VenueImages.swift in Sources */ = {isa = PBXBuildFile; fileRef = DF466F3F2377A4B400241FA6 /* VenueImages.swift */; };
		DF466F4E2377C5C600241FA6 /* UserDefault.swift in Sources */ = {isa = PBXBuildFile; fileRef = DF466F4D2377C5C600241FA6 /* UserDefault.swift */; };
		DF466F4F2377C5C600241FA6 /* UserDefault.swift in Sources */ = {isa = PBXBuildFile; fileRef = DF466F4D2377C5C600241FA6 /* UserDefault.swift */; };
		DF6FF9812379022600B6D719 /* DetailVC.swift in Sources */ = {isa = PBXBuildFile; fileRef = DF6FF9802379022600B6D719 /* DetailVC.swift */; };
		DF6FF9822379022600B6D719 /* DetailVC.swift in Sources */ = {isa = PBXBuildFile; fileRef = DF6FF9802379022600B6D719 /* DetailVC.swift */; };
		DF6FF984237923EC00B6D719 /* DetailView.swift in Sources */ = {isa = PBXBuildFile; fileRef = DF6FF983237923EC00B6D719 /* DetailView.swift */; };
		DF6FF985237923EC00B6D719 /* DetailView.swift in Sources */ = {isa = PBXBuildFile; fileRef = DF6FF983237923EC00B6D719 /* DetailView.swift */; };
		DFC0AF5D2380CCE9005678BF /* Main.storyboard in Resources */ = {isa = PBXBuildFile; fileRef = DFC0AF5C2380CCE9005678BF /* Main.storyboard */; };
		DFC0AF5F2380D8FA005678BF /* FavoritesCellCollectionViewCell.swift in Sources */ = {isa = PBXBuildFile; fileRef = DFC0AF5E2380D8FA005678BF /* FavoritesCellCollectionViewCell.swift */; };
		DFC0AF602380D8FA005678BF /* FavoritesCellCollectionViewCell.swift in Sources */ = {isa = PBXBuildFile; fileRef = DFC0AF5E2380D8FA005678BF /* FavoritesCellCollectionViewCell.swift */; };
		DFC0AF622380DED2005678BF /* FaveCollections.swift in Sources */ = {isa = PBXBuildFile; fileRef = DFC0AF612380DED2005678BF /* FaveCollections.swift */; };
		DFC0AF632380DED2005678BF /* FaveCollections.swift in Sources */ = {isa = PBXBuildFile; fileRef = DFC0AF612380DED2005678BF /* FaveCollections.swift */; };
		DFC0AF682380E7B3005678BF /* AddCreateCollectionVC.swift in Sources */ = {isa = PBXBuildFile; fileRef = DFC0AF672380E7B3005678BF /* AddCreateCollectionVC.swift */; };
		DFC0AF692380E7B3005678BF /* AddCreateCollectionVC.swift in Sources */ = {isa = PBXBuildFile; fileRef = DFC0AF672380E7B3005678BF /* AddCreateCollectionVC.swift */; };
		DFD689402374C90700A025F4 /* LocationDelegate.swift in Sources */ = {isa = PBXBuildFile; fileRef = DFD6893F2374C90700A025F4 /* LocationDelegate.swift */; };
		DFD689412374C90700A025F4 /* LocationDelegate.swift in Sources */ = {isa = PBXBuildFile; fileRef = DFD6893F2374C90700A025F4 /* LocationDelegate.swift */; };
/* End PBXBuildFile section */

/* Begin PBXContainerItemProxy section */
		DF2E88B6237096A2007D1685 /* PBXContainerItemProxy */ = {
			isa = PBXContainerItemProxy;
			containerPortal = DF2E8894237096A1007D1685 /* Project object */;
			proxyType = 1;
			remoteGlobalIDString = DF2E889B237096A1007D1685;
			remoteInfo = "Foursquare-Map-Project";
		};
/* End PBXContainerItemProxy section */

/* Begin PBXFileReference section */
		DF10C2EE237F702E0059103D /* VenuesTableViewCell.swift */ = {isa = PBXFileReference; lastKnownFileType = sourcecode.swift; path = VenuesTableViewCell.swift; sourceTree = "<group>"; };
		DF28B2932381E7AE00AA8CE0 /* CollectionPersistence.swift */ = {isa = PBXFileReference; lastKnownFileType = sourcecode.swift; path = CollectionPersistence.swift; sourceTree = "<group>"; };
		DF28B2952381E86500AA8CE0 /* PersistenceHelper.swift */ = {isa = PBXFileReference; lastKnownFileType = sourcecode.swift; path = PersistenceHelper.swift; sourceTree = "<group>"; };
		DF28B2982381F0D500AA8CE0 /* ReloadVenuesProtocol.swift */ = {isa = PBXFileReference; lastKnownFileType = sourcecode.swift; path = ReloadVenuesProtocol.swift; sourceTree = "<group>"; };
		DF2ABE8C2373812A00E731AD /* AppError.swift */ = {isa = PBXFileReference; lastKnownFileType = sourcecode.swift; path = AppError.swift; sourceTree = "<group>"; };
		DF2ABE8F2373814700E731AD /* ImageHelper.swift */ = {isa = PBXFileReference; lastKnownFileType = sourcecode.swift; path = ImageHelper.swift; sourceTree = "<group>"; };
		DF2ABE922373818600E731AD /* NetworkHelper.swift */ = {isa = PBXFileReference; lastKnownFileType = sourcecode.swift; path = NetworkHelper.swift; sourceTree = "<group>"; };
		DF2ABE9523739BB100E731AD /* SearchAPIClient.swift */ = {isa = PBXFileReference; lastKnownFileType = sourcecode.swift; path = SearchAPIClient.swift; sourceTree = "<group>"; };
		DF2ABE982373A14B00E731AD /* Secret.swift */ = {isa = PBXFileReference; lastKnownFileType = sourcecode.swift; path = Secret.swift; sourceTree = "<group>"; };
		DF2E889C237096A1007D1685 /* Foursquare-Map-Project.app */ = {isa = PBXFileReference; explicitFileType = wrapper.application; includeInIndex = 0; path = "Foursquare-Map-Project.app"; sourceTree = BUILT_PRODUCTS_DIR; };
		DF2E889F237096A1007D1685 /* AppDelegate.swift */ = {isa = PBXFileReference; lastKnownFileType = sourcecode.swift; path = AppDelegate.swift; sourceTree = "<group>"; };
		DF2E88A1237096A1007D1685 /* SceneDelegate.swift */ = {isa = PBXFileReference; lastKnownFileType = sourcecode.swift; path = SceneDelegate.swift; sourceTree = "<group>"; };
		DF2E88A3237096A1007D1685 /* VenuesListTableVC.swift */ = {isa = PBXFileReference; lastKnownFileType = sourcecode.swift; path = VenuesListTableVC.swift; sourceTree = "<group>"; };
		DF2E88A9237096A1007D1685 /* Foursquare_Map_Project.xcdatamodel */ = {isa = PBXFileReference; lastKnownFileType = wrapper.xcdatamodel; path = Foursquare_Map_Project.xcdatamodel; sourceTree = "<group>"; };
		DF2E88AB237096A2007D1685 /* Assets.xcassets */ = {isa = PBXFileReference; lastKnownFileType = folder.assetcatalog; path = Assets.xcassets; sourceTree = "<group>"; };
		DF2E88AE237096A2007D1685 /* Base */ = {isa = PBXFileReference; lastKnownFileType = file.storyboard; name = Base; path = Base.lproj/LaunchScreen.storyboard; sourceTree = "<group>"; };
		DF2E88B0237096A2007D1685 /* Info.plist */ = {isa = PBXFileReference; lastKnownFileType = text.plist.xml; path = Info.plist; sourceTree = "<group>"; };
		DF2E88B5237096A2007D1685 /* Foursquare-Map-ProjectTests.xctest */ = {isa = PBXFileReference; explicitFileType = wrapper.cfbundle; includeInIndex = 0; path = "Foursquare-Map-ProjectTests.xctest"; sourceTree = BUILT_PRODUCTS_DIR; };
		DF2E88B9237096A2007D1685 /* Foursquare_Map_ProjectTests.swift */ = {isa = PBXFileReference; lastKnownFileType = sourcecode.swift; path = Foursquare_Map_ProjectTests.swift; sourceTree = "<group>"; };
		DF2E88BB237096A2007D1685 /* Info.plist */ = {isa = PBXFileReference; lastKnownFileType = text.plist.xml; path = Info.plist; sourceTree = "<group>"; };
		DF2E88C42370B307007D1685 /* FourSquareLocationJSON.json */ = {isa = PBXFileReference; lastKnownFileType = text.json; path = FourSquareLocationJSON.json; sourceTree = "<group>"; };
		DF2E88C62370B677007D1685 /* FourSquareSearch.swift */ = {isa = PBXFileReference; lastKnownFileType = sourcecode.swift; path = FourSquareSearch.swift; sourceTree = "<group>"; };
		DF2E88CB2370D800007D1685 /* MainView.swift */ = {isa = PBXFileReference; lastKnownFileType = sourcecode.swift; path = MainView.swift; sourceTree = "<group>"; };
		DF2E893623722E0C007D1685 /* SearchViewController.swift */ = {isa = PBXFileReference; lastKnownFileType = sourcecode.swift; name = SearchViewController.swift; path = "Foursquare-Map-Project/SearchViewController.swift"; sourceTree = SOURCE_ROOT; };
		DF2E893923722E2F007D1685 /* FaveCollectionVC.swift */ = {isa = PBXFileReference; lastKnownFileType = sourcecode.swift; path = FaveCollectionVC.swift; sourceTree = "<group>"; };
		DF32A57223779235005D58E7 /* SearchCollectionViewCell.swift */ = {isa = PBXFileReference; lastKnownFileType = sourcecode.swift; path = SearchCollectionViewCell.swift; sourceTree = "<group>"; };
		DF32A575237795FF005D58E7 /* ImageAPIClient.swift */ = {isa = PBXFileReference; lastKnownFileType = sourcecode.swift; path = ImageAPIClient.swift; sourceTree = "<group>"; };
		DF466F3F2377A4B400241FA6 /* VenueImages.swift */ = {isa = PBXFileReference; lastKnownFileType = sourcecode.swift; path = VenueImages.swift; sourceTree = "<group>"; };
		DF466F4D2377C5C600241FA6 /* UserDefault.swift */ = {isa = PBXFileReference; lastKnownFileType = sourcecode.swift; path = UserDefault.swift; sourceTree = "<group>"; };
		DF6FF9802379022600B6D719 /* DetailVC.swift */ = {isa = PBXFileReference; lastKnownFileType = sourcecode.swift; path = DetailVC.swift; sourceTree = "<group>"; };
		DF6FF983237923EC00B6D719 /* DetailView.swift */ = {isa = PBXFileReference; lastKnownFileType = sourcecode.swift; path = DetailView.swift; sourceTree = "<group>"; };
		DFC0AF5C2380CCE9005678BF /* Main.storyboard */ = {isa = PBXFileReference; fileEncoding = 4; lastKnownFileType = file.storyboard; path = Main.storyboard; sourceTree = "<group>"; };
		DFC0AF5E2380D8FA005678BF /* FavoritesCellCollectionViewCell.swift */ = {isa = PBXFileReference; lastKnownFileType = sourcecode.swift; path = FavoritesCellCollectionViewCell.swift; sourceTree = "<group>"; };
		DFC0AF612380DED2005678BF /* FaveCollections.swift */ = {isa = PBXFileReference; lastKnownFileType = sourcecode.swift; path = FaveCollections.swift; sourceTree = "<group>"; };
		DFC0AF672380E7B3005678BF /* AddCreateCollectionVC.swift */ = {isa = PBXFileReference; lastKnownFileType = sourcecode.swift; path = AddCreateCollectionVC.swift; sourceTree = "<group>"; };
		DFD6893F2374C90700A025F4 /* LocationDelegate.swift */ = {isa = PBXFileReference; lastKnownFileType = sourcecode.swift; path = LocationDelegate.swift; sourceTree = "<group>"; };
/* End PBXFileReference section */

/* Begin PBXFrameworksBuildPhase section */
		DF2E8899237096A1007D1685 /* Frameworks */ = {
			isa = PBXFrameworksBuildPhase;
			buildActionMask = 2147483647;
			files = (
			);
			runOnlyForDeploymentPostprocessing = 0;
		};
		DF2E88B2237096A2007D1685 /* Frameworks */ = {
			isa = PBXFrameworksBuildPhase;
			buildActionMask = 2147483647;
			files = (
			);
			runOnlyForDeploymentPostprocessing = 0;
		};
/* End PBXFrameworksBuildPhase section */

/* Begin PBXGroup section */
		DF2ABE8B2373806D00E731AD /* Helpers */ = {
			isa = PBXGroup;
			children = (
				DF2ABE8C2373812A00E731AD /* AppError.swift */,
				DF2ABE8F2373814700E731AD /* ImageHelper.swift */,
				DF2ABE922373818600E731AD /* NetworkHelper.swift */,
				DF2ABE9523739BB100E731AD /* SearchAPIClient.swift */,
				DF32A575237795FF005D58E7 /* ImageAPIClient.swift */,
			);
			path = Helpers;
			sourceTree = "<group>";
		};
		DF2E8893237096A1007D1685 = {
			isa = PBXGroup;
			children = (
				DF2E889E237096A1007D1685 /* Foursquare-Map-Project */,
				DF2E88B8237096A2007D1685 /* Foursquare-Map-ProjectTests */,
				DF2E889D237096A1007D1685 /* Products */,
			);
			sourceTree = "<group>";
		};
		DF2E889D237096A1007D1685 /* Products */ = {
			isa = PBXGroup;
			children = (
				DF2E889C237096A1007D1685 /* Foursquare-Map-Project.app */,
				DF2E88B5237096A2007D1685 /* Foursquare-Map-ProjectTests.xctest */,
			);
			name = Products;
			sourceTree = "<group>";
		};
		DF2E889E237096A1007D1685 /* Foursquare-Map-Project */ = {
			isa = PBXGroup;
			children = (
				DF2E889F237096A1007D1685 /* AppDelegate.swift */,
				DF2E88A1237096A1007D1685 /* SceneDelegate.swift */,
				DF2ABE8B2373806D00E731AD /* Helpers */,
				DF2E88C92370C0E2007D1685 /* Model */,
				DF2E88CE2370D80D007D1685 /* Views */,
				DF2E88CA2370C0FB007D1685 /* Controllers */,
				DF2E88AB237096A2007D1685 /* Assets.xcassets */,
				DF2E88AD237096A2007D1685 /* LaunchScreen.storyboard */,
				DFC0AF5C2380CCE9005678BF /* Main.storyboard */,
				DF2E88B0237096A2007D1685 /* Info.plist */,
				DF2E88A8237096A1007D1685 /* Foursquare_Map_Project.xcdatamodeld */,
				DF2ABE982373A14B00E731AD /* Secret.swift */,
				DF466F4D2377C5C600241FA6 /* UserDefault.swift */,
			);
			path = "Foursquare-Map-Project";
			sourceTree = "<group>";
		};
		DF2E88B8237096A2007D1685 /* Foursquare-Map-ProjectTests */ = {
			isa = PBXGroup;
			children = (
				DF2E88B9237096A2007D1685 /* Foursquare_Map_ProjectTests.swift */,
				DF2E88BB237096A2007D1685 /* Info.plist */,
			);
			path = "Foursquare-Map-ProjectTests";
			sourceTree = "<group>";
		};
		DF2E88C92370C0E2007D1685 /* Model */ = {
			isa = PBXGroup;
			children = (
				DF2E88C42370B307007D1685 /* FourSquareLocationJSON.json */,
				DF2E88C62370B677007D1685 /* FourSquareSearch.swift */,
				DFD6893F2374C90700A025F4 /* LocationDelegate.swift */,
				DF32A57223779235005D58E7 /* SearchCollectionViewCell.swift */,
				DF466F3F2377A4B400241FA6 /* VenueImages.swift */,
				DFC0AF612380DED2005678BF /* FaveCollections.swift */,
				DF28B2952381E86500AA8CE0 /* PersistenceHelper.swift */,
				DF28B2982381F0D500AA8CE0 /* ReloadVenuesProtocol.swift */,
			);
			path = Model;
			sourceTree = "<group>";
		};
		DF2E88CA2370C0FB007D1685 /* Controllers */ = {
			isa = PBXGroup;
			children = (
				DF2E893623722E0C007D1685 /* SearchViewController.swift */,
				DF6FF9802379022600B6D719 /* DetailVC.swift */,
				DF2E88A3237096A1007D1685 /* VenuesListTableVC.swift */,
				DF2E893923722E2F007D1685 /* FaveCollectionVC.swift */,
				DFC0AF672380E7B3005678BF /* AddCreateCollectionVC.swift */,
			);
			path = Controllers;
			sourceTree = "<group>";
		};
		DF2E88CE2370D80D007D1685 /* Views */ = {
			isa = PBXGroup;
			children = (
				DF2E88CB2370D800007D1685 /* MainView.swift */,
				DF6FF983237923EC00B6D719 /* DetailView.swift */,
				DF10C2EE237F702E0059103D /* VenuesTableViewCell.swift */,
				DFC0AF5E2380D8FA005678BF /* FavoritesCellCollectionViewCell.swift */,
				DF28B2932381E7AE00AA8CE0 /* CollectionPersistence.swift */,
			);
			path = Views;
			sourceTree = "<group>";
		};
/* End PBXGroup section */

/* Begin PBXNativeTarget section */
		DF2E889B237096A1007D1685 /* Foursquare-Map-Project */ = {
			isa = PBXNativeTarget;
			buildConfigurationList = DF2E88BE237096A2007D1685 /* Build configuration list for PBXNativeTarget "Foursquare-Map-Project" */;
			buildPhases = (
				DF2E8898237096A1007D1685 /* Sources */,
				DF2E8899237096A1007D1685 /* Frameworks */,
				DF2E889A237096A1007D1685 /* Resources */,
			);
			buildRules = (
			);
			dependencies = (
			);
			name = "Foursquare-Map-Project";
			productName = "Foursquare-Map-Project";
			productReference = DF2E889C237096A1007D1685 /* Foursquare-Map-Project.app */;
			productType = "com.apple.product-type.application";
		};
		DF2E88B4237096A2007D1685 /* Foursquare-Map-ProjectTests */ = {
			isa = PBXNativeTarget;
			buildConfigurationList = DF2E88C1237096A2007D1685 /* Build configuration list for PBXNativeTarget "Foursquare-Map-ProjectTests" */;
			buildPhases = (
				DF2E88B1237096A2007D1685 /* Sources */,
				DF2E88B2237096A2007D1685 /* Frameworks */,
				DF2E88B3237096A2007D1685 /* Resources */,
			);
			buildRules = (
			);
			dependencies = (
				DF2E88B7237096A2007D1685 /* PBXTargetDependency */,
			);
			name = "Foursquare-Map-ProjectTests";
			productName = "Foursquare-Map-ProjectTests";
			productReference = DF2E88B5237096A2007D1685 /* Foursquare-Map-ProjectTests.xctest */;
			productType = "com.apple.product-type.bundle.unit-test";
		};
/* End PBXNativeTarget section */

/* Begin PBXProject section */
		DF2E8894237096A1007D1685 /* Project object */ = {
			isa = PBXProject;
			attributes = {
				LastSwiftUpdateCheck = 1120;
				LastUpgradeCheck = 1120;
				ORGANIZATIONNAME = "Eric W.";
				TargetAttributes = {
					DF2E889B237096A1007D1685 = {
						CreatedOnToolsVersion = 11.2;
					};
					DF2E88B4237096A2007D1685 = {
						CreatedOnToolsVersion = 11.2;
						TestTargetID = DF2E889B237096A1007D1685;
					};
				};
			};
			buildConfigurationList = DF2E8897237096A1007D1685 /* Build configuration list for PBXProject "Foursquare-Map-Project" */;
			compatibilityVersion = "Xcode 9.3";
			developmentRegion = en;
			hasScannedForEncodings = 0;
			knownRegions = (
				en,
				Base,
			);
			mainGroup = DF2E8893237096A1007D1685;
			productRefGroup = DF2E889D237096A1007D1685 /* Products */;
			projectDirPath = "";
			projectRoot = "";
			targets = (
				DF2E889B237096A1007D1685 /* Foursquare-Map-Project */,
				DF2E88B4237096A2007D1685 /* Foursquare-Map-ProjectTests */,
			);
		};
/* End PBXProject section */

/* Begin PBXResourcesBuildPhase section */
		DF2E889A237096A1007D1685 /* Resources */ = {
			isa = PBXResourcesBuildPhase;
			buildActionMask = 2147483647;
			files = (
				DF2E88AF237096A2007D1685 /* LaunchScreen.storyboard in Resources */,
				DF2E88AC237096A2007D1685 /* Assets.xcassets in Resources */,
				DF2E88C52370B307007D1685 /* FourSquareLocationJSON.json in Resources */,
				DFC0AF5D2380CCE9005678BF /* Main.storyboard in Resources */,
			);
			runOnlyForDeploymentPostprocessing = 0;
		};
		DF2E88B3237096A2007D1685 /* Resources */ = {
			isa = PBXResourcesBuildPhase;
			buildActionMask = 2147483647;
			files = (
			);
			runOnlyForDeploymentPostprocessing = 0;
		};
/* End PBXResourcesBuildPhase section */

/* Begin PBXSourcesBuildPhase section */
		DF2E8898237096A1007D1685 /* Sources */ = {
			isa = PBXSourcesBuildPhase;
			buildActionMask = 2147483647;
			files = (
				DF2E88A4237096A1007D1685 /* VenuesListTableVC.swift in Sources */,
				DF28B2962381E86500AA8CE0 /* PersistenceHelper.swift in Sources */,
				DF2ABE902373814700E731AD /* ImageHelper.swift in Sources */,
				DF2E893723722E0C007D1685 /* SearchViewController.swift in Sources */,
				DF6FF9812379022600B6D719 /* DetailVC.swift in Sources */,
				DFC0AF5F2380D8FA005678BF /* FavoritesCellCollectionViewCell.swift in Sources */,
				DF2ABE8D2373812A00E731AD /* AppError.swift in Sources */,
				DF2ABE932373818600E731AD /* NetworkHelper.swift in Sources */,
				DFC0AF622380DED2005678BF /* FaveCollections.swift in Sources */,
				DFC0AF682380E7B3005678BF /* AddCreateCollectionVC.swift in Sources */,
				DF2E88CC2370D800007D1685 /* MainView.swift in Sources */,
				DF2E88A0237096A1007D1685 /* AppDelegate.swift in Sources */,
				DFD689402374C90700A025F4 /* LocationDelegate.swift in Sources */,
				DF2E893A23722E2F007D1685 /* FaveCollectionVC.swift in Sources */,
				DF2E88A2237096A1007D1685 /* SceneDelegate.swift in Sources */,
				DF28B2992381F0D500AA8CE0 /* ReloadVenuesProtocol.swift in Sources */,
				DF2ABE992373A14B00E731AD /* Secret.swift in Sources */,
				DF32A576237795FF005D58E7 /* ImageAPIClient.swift in Sources */,
				DF6FF984237923EC00B6D719 /* DetailView.swift in Sources */,
				DF10C2EF237F702E0059103D /* VenuesTableViewCell.swift in Sources */,
				DF2E88AA237096A1007D1685 /* Foursquare_Map_Project.xcdatamodeld in Sources */,
				DF2E88C72370B677007D1685 /* FourSquareSearch.swift in Sources */,
				DF466F4E2377C5C600241FA6 /* UserDefault.swift in Sources */,
				DF466F402377A4B400241FA6 /* VenueImages.swift in Sources */,
				DF2ABE9623739BB100E731AD /* SearchAPIClient.swift in Sources */,
				DF32A57323779235005D58E7 /* SearchCollectionViewCell.swift in Sources */,
				DF28B2942381E7AE00AA8CE0 /* CollectionPersistence.swift in Sources */,
			);
			runOnlyForDeploymentPostprocessing = 0;
		};
		DF2E88B1237096A2007D1685 /* Sources */ = {
			isa = PBXSourcesBuildPhase;
			buildActionMask = 2147483647;
			files = (
				DFC0AF692380E7B3005678BF /* AddCreateCollectionVC.swift in Sources */,
				DF10C2F0237F702E0059103D /* VenuesTableViewCell.swift in Sources */,
				DF2ABE942373818600E731AD /* NetworkHelper.swift in Sources */,
				DF2ABE9A2373A14B00E731AD /* Secret.swift in Sources */,
				DF32A57423779235005D58E7 /* SearchCollectionViewCell.swift in Sources */,
				DF2E88C82370B677007D1685 /* FourSquareSearch.swift in Sources */,
				DF2E88CD2370D800007D1685 /* MainView.swift in Sources */,
				DF6FF9822379022600B6D719 /* DetailVC.swift in Sources */,
				DF2ABE8E2373812A00E731AD /* AppError.swift in Sources */,
				DFC0AF632380DED2005678BF /* FaveCollections.swift in Sources */,
				DF28B2972381E86500AA8CE0 /* PersistenceHelper.swift in Sources */,
				DF2E893823722E0C007D1685 /* SearchViewController.swift in Sources */,
				DF2E88BA237096A2007D1685 /* Foursquare_Map_ProjectTests.swift in Sources */,
				DF6FF985237923EC00B6D719 /* DetailView.swift in Sources */,
				DF466F4F2377C5C600241FA6 /* UserDefault.swift in Sources */,
				DF2E893B23722E2F007D1685 /* FaveCollectionVC.swift in Sources */,
				DF32A577237795FF005D58E7 /* ImageAPIClient.swift in Sources */,
				DF2ABE912373814700E731AD /* ImageHelper.swift in Sources */,
				DFD689412374C90700A025F4 /* LocationDelegate.swift in Sources */,
				DFC0AF602380D8FA005678BF /* FavoritesCellCollectionViewCell.swift in Sources */,
				DF28B29A2381F0D500AA8CE0 /* ReloadVenuesProtocol.swift in Sources */,
				DF2ABE9723739BB100E731AD /* SearchAPIClient.swift in Sources */,
			);
			runOnlyForDeploymentPostprocessing = 0;
		};
/* End PBXSourcesBuildPhase section */

/* Begin PBXTargetDependency section */
		DF2E88B7237096A2007D1685 /* PBXTargetDependency */ = {
			isa = PBXTargetDependency;
			target = DF2E889B237096A1007D1685 /* Foursquare-Map-Project */;
			targetProxy = DF2E88B6237096A2007D1685 /* PBXContainerItemProxy */;
		};
/* End PBXTargetDependency section */

/* Begin PBXVariantGroup section */
		DF2E88AD237096A2007D1685 /* LaunchScreen.storyboard */ = {
			isa = PBXVariantGroup;
			children = (
				DF2E88AE237096A2007D1685 /* Base */,
			);
			name = LaunchScreen.storyboard;
			sourceTree = "<group>";
		};
/* End PBXVariantGroup section */

/* Begin XCBuildConfiguration section */
		DF2E88BC237096A2007D1685 /* Debug */ = {
			isa = XCBuildConfiguration;
			buildSettings = {
				ALWAYS_SEARCH_USER_PATHS = NO;
				CLANG_ANALYZER_NONNULL = YES;
				CLANG_ANALYZER_NUMBER_OBJECT_CONVERSION = YES_AGGRESSIVE;
				CLANG_CXX_LANGUAGE_STANDARD = "gnu++14";
				CLANG_CXX_LIBRARY = "libc++";
				CLANG_ENABLE_MODULES = YES;
				CLANG_ENABLE_OBJC_ARC = YES;
				CLANG_ENABLE_OBJC_WEAK = YES;
				CLANG_WARN_BLOCK_CAPTURE_AUTORELEASING = YES;
				CLANG_WARN_BOOL_CONVERSION = YES;
				CLANG_WARN_COMMA = YES;
				CLANG_WARN_CONSTANT_CONVERSION = YES;
				CLANG_WARN_DEPRECATED_OBJC_IMPLEMENTATIONS = YES;
				CLANG_WARN_DIRECT_OBJC_ISA_USAGE = YES_ERROR;
				CLANG_WARN_DOCUMENTATION_COMMENTS = YES;
				CLANG_WARN_EMPTY_BODY = YES;
				CLANG_WARN_ENUM_CONVERSION = YES;
				CLANG_WARN_INFINITE_RECURSION = YES;
				CLANG_WARN_INT_CONVERSION = YES;
				CLANG_WARN_NON_LITERAL_NULL_CONVERSION = YES;
				CLANG_WARN_OBJC_IMPLICIT_RETAIN_SELF = YES;
				CLANG_WARN_OBJC_LITERAL_CONVERSION = YES;
				CLANG_WARN_OBJC_ROOT_CLASS = YES_ERROR;
				CLANG_WARN_RANGE_LOOP_ANALYSIS = YES;
				CLANG_WARN_STRICT_PROTOTYPES = YES;
				CLANG_WARN_SUSPICIOUS_MOVE = YES;
				CLANG_WARN_UNGUARDED_AVAILABILITY = YES_AGGRESSIVE;
				CLANG_WARN_UNREACHABLE_CODE = YES;
				CLANG_WARN__DUPLICATE_METHOD_MATCH = YES;
				COPY_PHASE_STRIP = NO;
				DEBUG_INFORMATION_FORMAT = dwarf;
				ENABLE_STRICT_OBJC_MSGSEND = YES;
				ENABLE_TESTABILITY = YES;
				GCC_C_LANGUAGE_STANDARD = gnu11;
				GCC_DYNAMIC_NO_PIC = NO;
				GCC_NO_COMMON_BLOCKS = YES;
				GCC_OPTIMIZATION_LEVEL = 0;
				GCC_PREPROCESSOR_DEFINITIONS = (
					"DEBUG=1",
					"$(inherited)",
				);
				GCC_WARN_64_TO_32_BIT_CONVERSION = YES;
				GCC_WARN_ABOUT_RETURN_TYPE = YES_ERROR;
				GCC_WARN_UNDECLARED_SELECTOR = YES;
				GCC_WARN_UNINITIALIZED_AUTOS = YES_AGGRESSIVE;
				GCC_WARN_UNUSED_FUNCTION = YES;
				GCC_WARN_UNUSED_VARIABLE = YES;
				IPHONEOS_DEPLOYMENT_TARGET = 13.2;
				MTL_ENABLE_DEBUG_INFO = INCLUDE_SOURCE;
				MTL_FAST_MATH = YES;
				ONLY_ACTIVE_ARCH = YES;
				SDKROOT = iphoneos;
				SWIFT_ACTIVE_COMPILATION_CONDITIONS = DEBUG;
				SWIFT_OPTIMIZATION_LEVEL = "-Onone";
			};
			name = Debug;
		};
		DF2E88BD237096A2007D1685 /* Release */ = {
			isa = XCBuildConfiguration;
			buildSettings = {
				ALWAYS_SEARCH_USER_PATHS = NO;
				CLANG_ANALYZER_NONNULL = YES;
				CLANG_ANALYZER_NUMBER_OBJECT_CONVERSION = YES_AGGRESSIVE;
				CLANG_CXX_LANGUAGE_STANDARD = "gnu++14";
				CLANG_CXX_LIBRARY = "libc++";
				CLANG_ENABLE_MODULES = YES;
				CLANG_ENABLE_OBJC_ARC = YES;
				CLANG_ENABLE_OBJC_WEAK = YES;
				CLANG_WARN_BLOCK_CAPTURE_AUTORELEASING = YES;
				CLANG_WARN_BOOL_CONVERSION = YES;
				CLANG_WARN_COMMA = YES;
				CLANG_WARN_CONSTANT_CONVERSION = YES;
				CLANG_WARN_DEPRECATED_OBJC_IMPLEMENTATIONS = YES;
				CLANG_WARN_DIRECT_OBJC_ISA_USAGE = YES_ERROR;
				CLANG_WARN_DOCUMENTATION_COMMENTS = YES;
				CLANG_WARN_EMPTY_BODY = YES;
				CLANG_WARN_ENUM_CONVERSION = YES;
				CLANG_WARN_INFINITE_RECURSION = YES;
				CLANG_WARN_INT_CONVERSION = YES;
				CLANG_WARN_NON_LITERAL_NULL_CONVERSION = YES;
				CLANG_WARN_OBJC_IMPLICIT_RETAIN_SELF = YES;
				CLANG_WARN_OBJC_LITERAL_CONVERSION = YES;
				CLANG_WARN_OBJC_ROOT_CLASS = YES_ERROR;
				CLANG_WARN_RANGE_LOOP_ANALYSIS = YES;
				CLANG_WARN_STRICT_PROTOTYPES = YES;
				CLANG_WARN_SUSPICIOUS_MOVE = YES;
				CLANG_WARN_UNGUARDED_AVAILABILITY = YES_AGGRESSIVE;
				CLANG_WARN_UNREACHABLE_CODE = YES;
				CLANG_WARN__DUPLICATE_METHOD_MATCH = YES;
				COPY_PHASE_STRIP = NO;
				DEBUG_INFORMATION_FORMAT = "dwarf-with-dsym";
				ENABLE_NS_ASSERTIONS = NO;
				ENABLE_STRICT_OBJC_MSGSEND = YES;
				GCC_C_LANGUAGE_STANDARD = gnu11;
				GCC_NO_COMMON_BLOCKS = YES;
				GCC_WARN_64_TO_32_BIT_CONVERSION = YES;
				GCC_WARN_ABOUT_RETURN_TYPE = YES_ERROR;
				GCC_WARN_UNDECLARED_SELECTOR = YES;
				GCC_WARN_UNINITIALIZED_AUTOS = YES_AGGRESSIVE;
				GCC_WARN_UNUSED_FUNCTION = YES;
				GCC_WARN_UNUSED_VARIABLE = YES;
				IPHONEOS_DEPLOYMENT_TARGET = 13.2;
				MTL_ENABLE_DEBUG_INFO = NO;
				MTL_FAST_MATH = YES;
				SDKROOT = iphoneos;
				SWIFT_COMPILATION_MODE = wholemodule;
				SWIFT_OPTIMIZATION_LEVEL = "-O";
				VALIDATE_PRODUCT = YES;
			};
			name = Release;
		};
		DF2E88BF237096A2007D1685 /* Debug */ = {
			isa = XCBuildConfiguration;
			buildSettings = {
				ASSETCATALOG_COMPILER_APPICON_NAME = AppIcon;
				CODE_SIGN_STYLE = Automatic;
				INFOPLIST_FILE = "Foursquare-Map-Project/Info.plist";
				LD_RUNPATH_SEARCH_PATHS = (
					"$(inherited)",
					"@executable_path/Frameworks",
				);
				PRODUCT_BUNDLE_IDENTIFIER = "Pursuit.Foursquare-Map-Project";
				PRODUCT_NAME = "$(TARGET_NAME)";
				SWIFT_VERSION = 5.0;
				TARGETED_DEVICE_FAMILY = 1;
			};
			name = Debug;
		};
		DF2E88C0237096A2007D1685 /* Release */ = {
			isa = XCBuildConfiguration;
			buildSettings = {
				ASSETCATALOG_COMPILER_APPICON_NAME = AppIcon;
				CODE_SIGN_STYLE = Automatic;
				INFOPLIST_FILE = "Foursquare-Map-Project/Info.plist";
				LD_RUNPATH_SEARCH_PATHS = (
					"$(inherited)",
					"@executable_path/Frameworks",
				);
				PRODUCT_BUNDLE_IDENTIFIER = "Pursuit.Foursquare-Map-Project";
				PRODUCT_NAME = "$(TARGET_NAME)";
				SWIFT_VERSION = 5.0;
				TARGETED_DEVICE_FAMILY = 1;
			};
			name = Release;
		};
		DF2E88C2237096A2007D1685 /* Debug */ = {
			isa = XCBuildConfiguration;
			buildSettings = {
				ALWAYS_EMBED_SWIFT_STANDARD_LIBRARIES = YES;
				BUNDLE_LOADER = "$(TEST_HOST)";
				CODE_SIGN_STYLE = Automatic;
				INFOPLIST_FILE = "Foursquare-Map-ProjectTests/Info.plist";
				IPHONEOS_DEPLOYMENT_TARGET = 13.2;
				LD_RUNPATH_SEARCH_PATHS = (
					"$(inherited)",
					"@executable_path/Frameworks",
					"@loader_path/Frameworks",
				);
				PRODUCT_BUNDLE_IDENTIFIER = "Pursuit.Foursquare-Map-ProjectTests";
				PRODUCT_NAME = "$(TARGET_NAME)";
				SWIFT_VERSION = 5.0;
				TARGETED_DEVICE_FAMILY = "1,2";
				TEST_HOST = "$(BUILT_PRODUCTS_DIR)/Foursquare-Map-Project.app/Foursquare-Map-Project";
			};
			name = Debug;
		};
		DF2E88C3237096A2007D1685 /* Release */ = {
			isa = XCBuildConfiguration;
			buildSettings = {
				ALWAYS_EMBED_SWIFT_STANDARD_LIBRARIES = YES;
				BUNDLE_LOADER = "$(TEST_HOST)";
				CODE_SIGN_STYLE = Automatic;
				INFOPLIST_FILE = "Foursquare-Map-ProjectTests/Info.plist";
				IPHONEOS_DEPLOYMENT_TARGET = 13.2;
				LD_RUNPATH_SEARCH_PATHS = (
					"$(inherited)",
					"@executable_path/Frameworks",
					"@loader_path/Frameworks",
				);
				PRODUCT_BUNDLE_IDENTIFIER = "Pursuit.Foursquare-Map-ProjectTests";
				PRODUCT_NAME = "$(TARGET_NAME)";
				SWIFT_VERSION = 5.0;
				TARGETED_DEVICE_FAMILY = "1,2";
				TEST_HOST = "$(BUILT_PRODUCTS_DIR)/Foursquare-Map-Project.app/Foursquare-Map-Project";
			};
			name = Release;
		};
/* End XCBuildConfiguration section */

/* Begin XCConfigurationList section */
		DF2E8897237096A1007D1685 /* Build configuration list for PBXProject "Foursquare-Map-Project" */ = {
			isa = XCConfigurationList;
			buildConfigurations = (
				DF2E88BC237096A2007D1685 /* Debug */,
				DF2E88BD237096A2007D1685 /* Release */,
			);
			defaultConfigurationIsVisible = 0;
			defaultConfigurationName = Release;
		};
		DF2E88BE237096A2007D1685 /* Build configuration list for PBXNativeTarget "Foursquare-Map-Project" */ = {
			isa = XCConfigurationList;
			buildConfigurations = (
				DF2E88BF237096A2007D1685 /* Debug */,
				DF2E88C0237096A2007D1685 /* Release */,
			);
			defaultConfigurationIsVisible = 0;
			defaultConfigurationName = Release;
		};
		DF2E88C1237096A2007D1685 /* Build configuration list for PBXNativeTarget "Foursquare-Map-ProjectTests" */ = {
			isa = XCConfigurationList;
			buildConfigurations = (
				DF2E88C2237096A2007D1685 /* Debug */,
				DF2E88C3237096A2007D1685 /* Release */,
			);
			defaultConfigurationIsVisible = 0;
			defaultConfigurationName = Release;
		};
/* End XCConfigurationList section */

/* Begin XCVersionGroup section */
		DF2E88A8237096A1007D1685 /* Foursquare_Map_Project.xcdatamodeld */ = {
			isa = XCVersionGroup;
			children = (
				DF2E88A9237096A1007D1685 /* Foursquare_Map_Project.xcdatamodel */,
			);
			currentVersion = DF2E88A9237096A1007D1685 /* Foursquare_Map_Project.xcdatamodel */;
			path = Foursquare_Map_Project.xcdatamodeld;
			sourceTree = "<group>";
			versionGroupType = wrapper.xcdatamodel;
		};
/* End XCVersionGroup section */
	};
	rootObject = DF2E8894237096A1007D1685 /* Project object */;
}
